<?xml version="1.0" encoding="utf-8"?>
<Project ToolsVersion="4.0" xmlns="http://schemas.microsoft.com/developer/msbuild/2003">
  <ItemGroup>
    <ClCompile Include="Source\Core\Engine.cpp" />
    <ClCompile Include="Source\Common\ScaldTimer.cpp" />
    <ClCompile Include="Source\Core\Main.cpp" />
    <ClCompile Include="Source\Core\D3D12Sample.cpp" />
    <ClCompile Include="Source\Core\Win32App.cpp" />
    <ClCompile Include="Source\stdafx.cpp" />
    <ClCompile Include="Source\Common\ScaldUtil.cpp" />
    <ClCompile Include="Source\Core\FrameResource.cpp" />
    <ClCompile Include="Source\Core\Shapes.cpp" />
    <ClCompile Include="Source\Core\Camera.cpp" />
    <ClCompile Include="Source\Common\DDSTextureLoader.cpp" />
    <ClCompile Include="Source\Core\ShadowMap.cpp" />
    <ClCompile Include="Source\GameFramework\Objects\SEntity.cpp" />
    <ClCompile Include="Source\GameFramework\Components\SComponent.cpp" />
    <ClCompile Include="Source\Core\CascadeShadowMap.cpp" />
    <ClCompile Include="Source\Core\GBuffer.cpp" />
    <ClCompile Include="Source\Core\Device.cpp" />
    <ClCompile Include="Source\GameFramework\Components\Transform.cpp" />
    <ClCompile Include="Source\GameFramework\Components\Renderer.cpp" />
    <ClCompile Include="Source\GameFramework\Components\Scene.cpp" />
    <ClCompile Include="Source\Core\CommandQueue.cpp" />
    <ClCompile Include="Source\Core\RootSignature.cpp" />
    <ClCompile Include="External\imgui\imgui.cpp" />
    <ClCompile Include="External\imgui\imgui_demo.cpp" />
    <ClCompile Include="External\imgui\imgui_draw.cpp" />
    <ClCompile Include="External\imgui\imgui_tables.cpp" />
    <ClCompile Include="External\imgui\imgui_widgets.cpp" />
    <ClCompile Include="External\imgui\misc\cpp\imgui_stdlib.cpp" />
    <ClCompile Include="External\imgui\backends\imgui_impl_dx12.cpp" />
    <ClCompile Include="External\imgui\backends\imgui_impl_win32.cpp" />
    <ClCompile Include="External\imgui\misc\fonts\binary_to_compressed_c.cpp" />
  </ItemGroup>
  <ItemGroup>
    <ClInclude Include="Core\framework.h" />
    <ClInclude Include="Source\Core\Engine.h" />
    <ClInclude Include="Source\Common\ScaldTimer.h" />
    <ClInclude Include="Source\Core\Win32App.h" />
    <ClInclude Include="Source\Core\D3D12Sample.h" />
    <ClInclude Include="Source\stdafx.h" />
    <ClInclude Include="Source\Common\DXHelper.h" />
    <ClInclude Include="Source\Common\d3dx12.h" />
    <ClInclude Include="Source\Common\ScaldCoreTypes.h" />
    <ClInclude Include="Source\Core\UploadBuffer.h" />
    <ClInclude Include="Source\Common\ScaldUtil.h" />
    <ClInclude Include="Source\Core\FrameResource.h" />
    <ClInclude Include="Source\Core\Shapes.h" />
    <ClInclude Include="Source\Common\ScaldMath.h" />
    <ClInclude Include="Source\Core\Camera.h" />
    <ClInclude Include="Source\Common\DDSTextureLoader.h" />
    <ClInclude Include="Source\Core\ShadowMap.h" />
    <ClInclude Include="Source\GameFramework\Objects\SEntity.h" />
    <ClInclude Include="Source\GameFramework\Components\SComponent.h" />
    <ClInclude Include="Source\Core\CascadeShadowMap.h" />
    <ClInclude Include="Source\Core\GBuffer.h" />
    <ClInclude Include="Source\Core\Device.h" />
    <ClInclude Include="Source\GameFramework\Components\ComponentManager.h" />
    <ClInclude Include="Source\GameFramework\Components\Scene.h" />
    <ClInclude Include="Source\GameFramework\Components\Renderer.h" />
    <ClInclude Include="Source\GameFramework\Components\Transform.h" />
    <ClInclude Include="Source\Common\VertexTypes.h" />
    <ClInclude Include="Source\Core\RootSignature.h" />
    <ClInclude Include="Source\Core\CommandQueue.h" />
    <ClInclude Include="External\imgui\imconfig.h" />
    <ClInclude Include="External\imgui\imgui.h" />
    <ClInclude Include="External\imgui\imgui_internal.h" />
    <ClInclude Include="External\imgui\imstb_rectpack.h" />
    <ClInclude Include="External\imgui\imstb_textedit.h" />
    <ClInclude Include="External\imgui\imstb_truetype.h" />
    <ClInclude Include="External\imgui\misc\cpp\imgui_stdlib.h" />
    <ClInclude Include="External\imgui\backends\imgui_impl_dx12.h" />
    <ClInclude Include="External\imgui\backends\imgui_impl_win32.h" />
    <ClInclude Include="External\imgui\examples\example_allegro5\imconfig_allegro5.h" />
    <ClInclude Include="External\imgui\examples\libs\emscripten\emscripten_mainloop_stub.h" />
    <ClInclude Include="External\imgui\examples\libs\glfw\include\GLFW\glfw3.h" />
    <ClInclude Include="External\imgui\examples\libs\glfw\include\GLFW\glfw3native.h" />
    <ClInclude Include="External\imgui\misc\single_file\imgui_single_file.h" />
    <ClInclude Include="Source\Common\ScaldCoreDefines.h" />
  </ItemGroup>
  <ItemGroup>
    <None Include="Assets\Shaders\LightUtil.hlsl" />
    <None Include="Assets\Shaders\Common.hlsl" />
    <None Include="Assets\Shaders\DeferredDirectionalLightPS.hlsl" />
    <None Include="Assets\Shaders\DeferredDirectionalLightVS.hlsl" />
    <None Include="Assets\Shaders\DeferredPointLightPS.hlsl" />
    <None Include="Assets\Shaders\DeferredSpotLightPS.hlsl" />
    <None Include="Assets\Shaders\GBufferPassPS.hlsl" />
    <None Include="Assets\Shaders\GBufferPassVS.hlsl" />
    <None Include="Assets\Shaders\CascadesShadowGS.hlsl" />
    <None Include="Assets\Shaders\LightVolumesVS.hlsl" />
    <None Include="Assets\Shaders\PixelShader.hlsl" />
    <None Include="Assets\Shaders\ShadowVS.hlsl" />
    <None Include="Assets\Shaders\VertexShader.hlsl" />
    <None Include="External\imgui\.editorconfig" />
    <None Include="External\imgui\.gitattributes" />
    <None Include="External\imgui\misc\debuggers\imgui.gdb" />
    <None Include="External\imgui\misc\debuggers\imgui.natstepfilter" />
    <None Include="External\imgui\examples\example_glfw_wgpu\web\index.html" />
    <None Include="External\imgui\examples\libs\emscripten\shell_minimal.html" />
    <None Include="External\imgui\.gitignore" />
    <None Include="Assets\Shaders\SkyBox.hlsl" />
  </ItemGroup>
  <ItemGroup>
    <Text Include="External\imgui\misc\debuggers\README.txt" />
  </ItemGroup>
  <ItemGroup>
    <Natvis Include="External\imgui\misc\debuggers\imgui.natvis" />
  </ItemGroup>
</Project>