<?xml version="1.0" encoding="utf-8"?>
<Project ToolsVersion="4.0" xmlns="http://schemas.microsoft.com/developer/msbuild/2003">
  <ItemGroup>
    <ClCompile Include="Src\Core\Engine.cpp" />
    <ClCompile Include="Src\Common\ScaldTimer.cpp" />
    <ClCompile Include="Src\Core\Main.cpp" />
    <ClCompile Include="Src\Core\D3D12Sample.cpp" />
    <ClCompile Include="Src\Core\Win32App.cpp" />
    <ClCompile Include="Src\stdafx.cpp" />
    <ClCompile Include="Src\Common\ScaldUtil.cpp" />
    <ClCompile Include="Src\Core\FrameResource.cpp" />
    <ClCompile Include="Src\Core\Shapes.cpp" />
    <ClCompile Include="Src\Core\Camera.cpp" />
    <ClCompile Include="Src\Common\DDSTextureLoader.cpp" />
    <ClCompile Include="Src\Core\ShadowMap.cpp" />
    <ClCompile Include="Src\GameFramework\Components\SComponent.cpp" />
    <ClCompile Include="Src\Core\CascadeShadowMap.cpp" />
    <ClCompile Include="Src\Core\GBuffer.cpp" />
    <ClCompile Include="Src\Core\Device.cpp" />
    <ClCompile Include="Src\GameFramework\Components\Transform.cpp" />
    <ClCompile Include="Src\GameFramework\Components\Renderer.cpp" />
    <ClCompile Include="Src\GameFramework\Components\Scene.cpp" />
  </ItemGroup>
  <ItemGroup>
    <ClInclude Include="Core\framework.h" />
    <ClInclude Include="Src\Core\Engine.h" />
    <ClInclude Include="Src\Common\ScaldTimer.h" />
    <ClInclude Include="Src\Core\Win32App.h" />
    <ClInclude Include="Src\Core\D3D12Sample.h" />
    <ClInclude Include="Src\stdafx.h" />
    <ClInclude Include="Src\Common\DXHelper.h" />
    <ClInclude Include="Src\Common\d3dx12.h" />
    <ClInclude Include="Src\Common\ScaldCoreTypes.h" />
    <ClInclude Include="Src\Core\UploadBuffer.h" />
    <ClInclude Include="Src\Common\ScaldUtil.h" />
    <ClInclude Include="Src\Core\FrameResource.h" />
    <ClInclude Include="Src\Core\Shapes.h" />
    <ClInclude Include="Src\Common\ScaldMath.h" />
    <ClInclude Include="Src\Core\Camera.h" />
    <ClInclude Include="Src\Common\DDSTextureLoader.h" />
    <ClInclude Include="Src\Core\ShadowMap.h" />
    <ClInclude Include="Src\GameFramework\Objects\Actor.h" />
    <ClInclude Include="Src\GameFramework\Objects\SObject.h" />
    <ClInclude Include="Src\GameFramework\Components\SComponent.h" />
    <ClInclude Include="Src\Core\CascadeShadowMap.h" />
    <ClInclude Include="Src\Core\GBuffer.h" />
    <ClInclude Include="Src\Core\Device.h" />
    <ClInclude Include="Src\GameFramework\Components\ComponentManager.h" />
    <ClInclude Include="Src\GameFramework\Components\Scene.h" />
    <ClInclude Include="Src\GameFramework\Components\Renderer.h" />
    <ClInclude Include="Src\GameFramework\Components\Transform.h" />
  </ItemGroup>
  <ItemGroup>
    <FxCompile Include="Assets\Shaders\PixelShader.hlsl" />
    <FxCompile Include="Assets\Shaders\VertexShader.hlsl" />
    <FxCompile Include="Assets\Shaders\GeometryShader.hlsl" />
    <FxCompile Include="Assets\Shaders\ShadowVertexShader.hlsl" />
    <FxCompile Include="Assets\Shaders\GBufferPassPS.hlsl" />
    <FxCompile Include="Assets\Shaders\GBufferPassVS.hlsl" />
    <FxCompile Include="Assets\Shaders\DeferredDirectionalLightPS.hlsl" />
    <FxCompile Include="Assets\Shaders\DeferredDirectionalLightVS.hlsl" />
    <FxCompile Include="Assets\Shaders\LightVolumesVS.hlsl" />
    <FxCompile Include="Assets\Shaders\DeferredPointLightPS.hlsl" />
    <FxCompile Include="Assets\Shaders\DeferredSpotLightPS.hlsl" />
  </ItemGroup>
  <ItemGroup>
    <None Include="Assets\Shaders\LightUtil.hlsl" />
    <None Include="Assets\Shaders\Common.hlsl" />
  </ItemGroup>
</Project>